
Microsoft Visual Studio Solution File, Format Version 12.00
# Visual Studio Version 16
VisualStudioVersion = 16.0.32228.343
MinimumVisualStudioVersion = 10.0.40219.1
Project("{FAE04EC0-301F-11D3-BF4B-00C04F79EFBC}") = "Zambia_Police_Service.WEB", "Zambia_Police_Service.DALL\Zambia_Police_Service.WEB.csproj", "{5C01B9D0-AF74-4BDC-A38C-B697BE3D2AD2}"
EndProject
Project("{FAE04EC0-301F-11D3-BF4B-00C04F79EFBC}") = "Zambia_Police_Service_Repository.DALL", "Zambia_Police_Service_Repository.DALL\Zambia_Police_Service_Repository.DALL.csproj", "{BF609C21-8141-47F1-81FC-6EC94BE8C347}"
EndProject
Project("{FAE04EC0-301F-11D3-BF4B-00C04F79EFBC}") = "Zambia_Police_Service_Implementation.DALL", "Zambia_Police_Service_Implementation.DALL\Zambia_Police_Service_Implementation.DALL.csproj", "{47371596-6D72-4FD1-B7EA-BABB8D3268BE}"
EndProject
Global
	GlobalSection(SolutionConfigurationPlatforms) = preSolution
		Debug|Any CPU = Debug|Any CPU
		Release|Any CPU = Release|Any CPU
	EndGlobalSection
	GlobalSection(ProjectConfigurationPlatforms) = postSolution
		{5C01B9D0-AF74-4BDC-A38C-B697BE3D2AD2}.Debug|Any CPU.ActiveCfg = Debug|Any CPU
		{5C01B9D0-AF74-4BDC-A38C-B697BE3D2AD2}.Debug|Any CPU.Build.0 = Debug|Any CPU
		{5C01B9D0-AF74-4BDC-A38C-B697BE3D2AD2}.Release|Any CPU.ActiveCfg = Release|Any CPU
		{5C01B9D0-AF74-4BDC-A38C-B697BE3D2AD2}.Release|Any CPU.Build.0 = Release|Any CPU
		{BF609C21-8141-47F1-81FC-6EC94BE8C347}.Debug|Any CPU.ActiveCfg = Debug|Any CPU
		{BF609C21-8141-47F1-81FC-6EC94BE8C347}.Debug|Any CPU.Build.0 = Debug|Any CPU
		{BF609C21-8141-47F1-81FC-6EC94BE8C347}.Release|Any CPU.ActiveCfg = Release|Any CPU
		{BF609C21-8141-47F1-81FC-6EC94BE8C347}.Release|Any CPU.Build.0 = Release|Any CPU
		{47371596-6D72-4FD1-B7EA-BABB8D3268BE}.Debug|Any CPU.ActiveCfg = Debug|Any CPU
		{47371596-6D72-4FD1-B7EA-BABB8D3268BE}.Debug|Any CPU.Build.0 = Debug|Any CPU
		{47371596-6D72-4FD1-B7EA-BABB8D3268BE}.Release|Any CPU.ActiveCfg = Release|Any CPU
		{47371596-6D72-4FD1-B7EA-BABB8D3268BE}.Release|Any CPU.Build.0 = Release|Any CPU
	EndGlobalSection
	GlobalSection(SolutionProperties) = preSolution
		HideSolutionNode = FALSE
	EndGlobalSection
	GlobalSection(ExtensibilityGlobals) = postSolution
		SolutionGuid = {17266F1D-99FB-4935-8B12-464C72B947FD}
	EndGlobalSection
EndGlobal
